
Microsoft Visual Studio Solution File, Format Version 11.00
# Visual Studio 2010
Project("{8BC9CEB8-8B4A-11D0-8D11-00A0C91BC942}") = "SORT", "SORT\SORT.vcxproj", "{ACFF1859-8305-488A-8290-FDC83A35865B}"
EndProject
Global
	GlobalSection(SolutionConfigurationPlatforms) = preSolution
		Debug|Win32 = Debug|Win32
		Release|Win32 = Release|Win32
	EndGlobalSection
	GlobalSection(ProjectConfigurationPlatforms) = postSolution
		{ACFF1859-8305-488A-8290-FDC83A35865B}.Debug|Win32.ActiveCfg = Debug|Win32
		{ACFF1859-8305-488A-8290-FDC83A35865B}.Debug|Win32.Build.0 = Debug|Win32
		{ACFF1859-8305-488A-8290-FDC83A35865B}.Release|Win32.ActiveCfg = Release|Win32
		{ACFF1859-8305-488A-8290-FDC83A35865B}.Release|Win32.Build.0 = Release|Win32
	EndGlobalSection
	GlobalSection(SolutionProperties) = preSolution
		HideSolutionNode = FALSE
	EndGlobalSection
EndGlobal
